{
  "name": "intro-vue",
  "version": "0.0.0",
  "lockfileVersion": 3,
  "requires": true,
  "packages": {
    "": {
      "name": "intro-vue",
      "version": "0.0.0",
      "dependencies": {
        "vue": "^3.4.21"
      },
      "devDependencies": {
        "@tsconfig/node20": "^20.1.2",
        "@types/node": "^20.11.28",
        "@vitejs/plugin-vue": "^5.0.4",
        "@vue/tsconfig": "^0.5.1",
        "npm-run-all2": "^6.1.2",
        "typescript": "~5.4.0",
        "vite": "^5.1.6",
        "vue-tsc": "^2.0.6"
      }
    },
    "node_modules/@babel/parser": {
      "version": "7.24.4",
      "resolved": "https://pkgs.dev.azure.com/Domstolene/f5a53322-95c1-4c91-98ef-28c7ad46d8e0/_packaging/test-npm-maven-artifacts/npm/registry/@babel/parser/-/parser-7.24.4.tgz",
      "integrity": "sha1-I0SHoRDYmtWj7UqKVmw2uUU+jIg=",
      "bin": {
        "parser": "bin/babel-parser.js"
      },
      "engines": {
        "node": ">=6.0.0"
      }
    },
    "node_modules/@esbuild/aix-ppc64": {
      "version": "0.20.2",
      "resolved": "https://pkgs.dev.azure.com/Domstolene/f5a53322-95c1-4c91-98ef-28c7ad46d8e0/_packaging/test-npm-maven-artifacts/npm/registry/@esbuild/aix-ppc64/-/aix-ppc64-0.20.2.tgz",
      "integrity": "sha1-pw9KwRxqHfwYuLuxMoQVXZM7lTc=",
      "cpu": [
        "ppc64"
      ],
      "dev": true,
      "optional": true,
      "os": [
        "aix"
      ],
      "engines": {
        "node": ">=12"
      }
    },
    "node_modules/@esbuild/android-arm": {
      "version": "0.20.2",
      "resolved": "https://pkgs.dev.azure.com/Domstolene/f5a53322-95c1-4c91-98ef-28c7ad46d8e0/_packaging/test-npm-maven-artifacts/npm/registry/@esbuild/android-arm/-/android-arm-0.20.2.tgz",
      "integrity": "sha1-O0iMSa7p1JHCyPmKkJt4WHDW6ZU=",
      "cpu": [
        "arm"
      ],
      "dev": true,
      "optional": true,
      "os": [
        "android"
      ],
      "engines": {
        "node": ">=12"
      }
    },
    "node_modules/@esbuild/android-arm64": {
      "version": "0.20.2",
      "resolved": "https://pkgs.dev.azure.com/Domstolene/f5a53322-95c1-4c91-98ef-28c7ad46d8e0/_packaging/test-npm-maven-artifacts/npm/registry/@esbuild/android-arm64/-/android-arm64-0.20.2.tgz",
      "integrity": "sha1-2xySAqW8kuoEx7aEDxu+Cev55rk=",
      "cpu": [
        "arm64"
      ],
      "dev": true,
      "optional": true,
      "os": [
        "android"
      ],
      "engines": {
        "node": ">=12"
      }
    },
    "node_modules/@esbuild/android-x64": {
      "version": "0.20.2",
      "resolved": "https://pkgs.dev.azure.com/Domstolene/f5a53322-95c1-4c91-98ef-28c7ad46d8e0/_packaging/test-npm-maven-artifacts/npm/registry/@esbuild/android-x64/-/android-x64-0.20.2.tgz",
      "integrity": "sha1-OxYoAp5VdiSdKy12ZpblB2hEn5g=",
      "cpu": [
        "x64"
      ],
      "dev": true,
      "optional": true,
      "os": [
        "android"
      ],
      "engines": {
        "node": ">=12"
      }
    },
    "node_modules/@esbuild/darwin-arm64": {
      "version": "0.20.2",
      "resolved": "https://pkgs.dev.azure.com/Domstolene/f5a53322-95c1-4c91-98ef-28c7ad46d8e0/_packaging/test-npm-maven-artifacts/npm/registry/@esbuild/darwin-arm64/-/darwin-arm64-0.20.2.tgz",
      "integrity": "sha1-boUXoEXd2GrjDGYIyEdevAxAALs=",
      "cpu": [
        "arm64"
      ],
      "dev": true,
      "optional": true,
      "os": [
        "darwin"
      ],
      "engines": {
        "node": ">=12"
      }
    },
    "node_modules/@esbuild/darwin-x64": {
      "version": "0.20.2",
      "resolved": "https://pkgs.dev.azure.com/Domstolene/f5a53322-95c1-4c91-98ef-28c7ad46d8e0/_packaging/test-npm-maven-artifacts/npm/registry/@esbuild/darwin-x64/-/darwin-x64-0.20.2.tgz",
      "integrity": "sha1-kO0Jjh+d2Kk4FpWyB+HP9FVAoNA=",
      "cpu": [
        "x64"
      ],
      "dev": true,
      "optional": true,
      "os": [
        "darwin"
      ],
      "engines": {
        "node": ">=12"
      }
    },
    "node_modules/@esbuild/freebsd-arm64": {
      "version": "0.20.2",
      "resolved": "https://pkgs.dev.azure.com/Domstolene/f5a53322-95c1-4c91-98ef-28c7ad46d8e0/_packaging/test-npm-maven-artifacts/npm/registry/@esbuild/freebsd-arm64/-/freebsd-arm64-0.20.2.tgz",
      "integrity": "sha1-1xUC0e6JoRMDJ+iQNkZmx2CiqRE=",
      "cpu": [
        "arm64"
      ],
      "dev": true,
      "optional": true,
      "os": [
        "freebsd"
      ],
      "engines": {
        "node": ">=12"
      }
    },
    "node_modules/@esbuild/freebsd-x64": {
      "version": "0.20.2",
      "resolved": "https://pkgs.dev.azure.com/Domstolene/f5a53322-95c1-4c91-98ef-28c7ad46d8e0/_packaging/test-npm-maven-artifacts/npm/registry/@esbuild/freebsd-x64/-/freebsd-x64-0.20.2.tgz",
      "integrity": "sha1-ql6ljZwd2a9oi4tvY+8NPWDOpTw=",
      "cpu": [
        "x64"
      ],
      "dev": true,
      "optional": true,
      "os": [
        "freebsd"
      ],
      "engines": {
        "node": ">=12"
      }
    },
    "node_modules/@esbuild/linux-arm": {
      "version": "0.20.2",
      "resolved": "https://pkgs.dev.azure.com/Domstolene/f5a53322-95c1-4c91-98ef-28c7ad46d8e0/_packaging/test-npm-maven-artifacts/npm/registry/@esbuild/linux-arm/-/linux-arm-0.20.2.tgz",
      "integrity": "sha1-drO5jLH4eTb7w38HPvq61J3NiJw=",
      "cpu": [
        "arm"
      ],
      "dev": true,
      "optional": true,
      "os": [
        "linux"
      ],
      "engines": {
        "node": ">=12"
      }
    },
    "node_modules/@esbuild/linux-arm64": {
      "version": "0.20.2",
      "resolved": "https://pkgs.dev.azure.com/Domstolene/f5a53322-95c1-4c91-98ef-28c7ad46d8e0/_packaging/test-npm-maven-artifacts/npm/registry/@esbuild/linux-arm64/-/linux-arm64-0.20.2.tgz",
      "integrity": "sha1-BVtjcl32eDebD2250PqFRjdVsuU=",
      "cpu": [
        "arm64"
      ],
      "dev": true,
      "optional": true,
      "os": [
        "linux"
      ],
      "engines": {
        "node": ">=12"
      }
    },
    "node_modules/@esbuild/linux-ia32": {
      "version": "0.20.2",
      "resolved": "https://pkgs.dev.azure.com/Domstolene/f5a53322-95c1-4c91-98ef-28c7ad46d8e0/_packaging/test-npm-maven-artifacts/npm/registry/@esbuild/linux-ia32/-/linux-ia32-0.20.2.tgz",
      "integrity": "sha1-wOXnh8KFJk5d/Hp58EuLTu/a1/o=",
      "cpu": [
        "ia32"
      ],
      "dev": true,
      "optional": true,
      "os": [
        "linux"
      ],
      "engines": {
        "node": ">=12"
      }
    },
    "node_modules/@esbuild/linux-loong64": {
      "version": "0.20.2",
      "resolved": "https://pkgs.dev.azure.com/Domstolene/f5a53322-95c1-4c91-98ef-28c7ad46d8e0/_packaging/test-npm-maven-artifacts/npm/registry/@esbuild/linux-loong64/-/linux-loong64-0.20.2.tgz",
      "integrity": "sha1-phhOYr183GPgwESLg4AQAWUyGcU=",
      "cpu": [
        "loong64"
      ],
      "dev": true,
      "optional": true,
      "os": [
        "linux"
      ],
      "engines": {
        "node": ">=12"
      }
    },
    "node_modules/@esbuild/linux-mips64el": {
      "version": "0.20.2",
      "resolved": "https://pkgs.dev.azure.com/Domstolene/f5a53322-95c1-4c91-98ef-28c7ad46d8e0/_packaging/test-npm-maven-artifacts/npm/registry/@esbuild/linux-mips64el/-/linux-mips64el-0.20.2.tgz",
      "integrity": "sha1-0I45zob0Xvj8iFSdKcYris9WSao=",
      "cpu": [
        "mips64el"
      ],
      "dev": true,
      "optional": true,
      "os": [
        "linux"
      ],
      "engines": {
        "node": ">=12"
      }
    },
    "node_modules/@esbuild/linux-ppc64": {
      "version": "0.20.2",
      "resolved": "https://pkgs.dev.azure.com/Domstolene/f5a53322-95c1-4c91-98ef-28c7ad46d8e0/_packaging/test-npm-maven-artifacts/npm/registry/@esbuild/linux-ppc64/-/linux-ppc64-0.20.2.tgz",
      "integrity": "sha1-jSUvC3dW/9bRy95epn/4/SBDfyA=",
      "cpu": [
        "ppc64"
      ],
      "dev": true,
      "optional": true,
      "os": [
        "linux"
      ],
      "engines": {
        "node": ">=12"
      }
    },
    "node_modules/@esbuild/linux-riscv64": {
      "version": "0.20.2",
      "resolved": "https://pkgs.dev.azure.com/Domstolene/f5a53322-95c1-4c91-98ef-28c7ad46d8e0/_packaging/test-npm-maven-artifacts/npm/registry/@esbuild/linux-riscv64/-/linux-riscv64-0.20.2.tgz",
      "integrity": "sha1-Gfbc2xRAna5gf2bKEYHdTp24EwA=",
      "cpu": [
        "riscv64"
      ],
      "dev": true,
      "optional": true,
      "os": [
        "linux"
      ],
      "engines": {
        "node": ">=12"
      }
    },
    "node_modules/@esbuild/linux-s390x": {
      "version": "0.20.2",
      "resolved": "https://pkgs.dev.azure.com/Domstolene/f5a53322-95c1-4c91-98ef-28c7ad46d8e0/_packaging/test-npm-maven-artifacts/npm/registry/@esbuild/linux-s390x/-/linux-s390x-0.20.2.tgz",
      "integrity": "sha1-PIMMkPGl190Uc9VZXqTruSCYhoU=",
      "cpu": [
        "s390x"
      ],
      "dev": true,
      "optional": true,
      "os": [
        "linux"
      ],
      "engines": {
        "node": ">=12"
      }
    },
    "node_modules/@esbuild/linux-x64": {
      "version": "0.20.2",
      "resolved": "https://pkgs.dev.azure.com/Domstolene/f5a53322-95c1-4c91-98ef-28c7ad46d8e0/_packaging/test-npm-maven-artifacts/npm/registry/@esbuild/linux-x64/-/linux-x64-0.20.2.tgz",
      "integrity": "sha1-huyjUgOvwNneBpTGTsCrCjePb/8=",
      "cpu": [
        "x64"
      ],
      "dev": true,
      "optional": true,
      "os": [
        "linux"
      ],
      "engines": {
        "node": ">=12"
      }
    },
    "node_modules/@esbuild/netbsd-x64": {
      "version": "0.20.2",
      "resolved": "https://pkgs.dev.azure.com/Domstolene/f5a53322-95c1-4c91-98ef-28c7ad46d8e0/_packaging/test-npm-maven-artifacts/npm/registry/@esbuild/netbsd-x64/-/netbsd-x64-0.20.2.tgz",
      "integrity": "sha1-53HI6w4Pbhh3/9QiADa5iu1ZFeY=",
      "cpu": [
        "x64"
      ],
      "dev": true,
      "optional": true,
      "os": [
        "netbsd"
      ],
      "engines": {
        "node": ">=12"
      }
    },
    "node_modules/@esbuild/openbsd-x64": {
      "version": "0.20.2",
      "resolved": "https://pkgs.dev.azure.com/Domstolene/f5a53322-95c1-4c91-98ef-28c7ad46d8e0/_packaging/test-npm-maven-artifacts/npm/registry/@esbuild/openbsd-x64/-/openbsd-x64-0.20.2.tgz",
      "integrity": "sha1-mnla5LTjfmdPD01xbz4ibdfDm68=",
      "cpu": [
        "x64"
      ],
      "dev": true,
      "optional": true,
      "os": [
        "openbsd"
      ],
      "engines": {
        "node": ">=12"
      }
    },
    "node_modules/@esbuild/sunos-x64": {
      "version": "0.20.2",
      "resolved": "https://pkgs.dev.azure.com/Domstolene/f5a53322-95c1-4c91-98ef-28c7ad46d8e0/_packaging/test-npm-maven-artifacts/npm/registry/@esbuild/sunos-x64/-/sunos-x64-0.20.2.tgz",
      "integrity": "sha1-ffI7YaSXuKwYne9uJalWc8rtsD8=",
      "cpu": [
        "x64"
      ],
      "dev": true,
      "optional": true,
      "os": [
        "sunos"
      ],
      "engines": {
        "node": ">=12"
      }
    },
    "node_modules/@esbuild/win32-arm64": {
      "version": "0.20.2",
      "resolved": "https://pkgs.dev.azure.com/Domstolene/f5a53322-95c1-4c91-98ef-28c7ad46d8e0/_packaging/test-npm-maven-artifacts/npm/registry/@esbuild/win32-arm64/-/win32-arm64-0.20.2.tgz",
      "integrity": "sha1-8a5av5ygUq4RwbyAb7TA9Rm6z5A=",
      "cpu": [
        "arm64"
      ],
      "dev": true,
      "optional": true,
      "os": [
        "win32"
      ],
      "engines": {
        "node": ">=12"
      }
    },
    "node_modules/@esbuild/win32-ia32": {
      "version": "0.20.2",
      "resolved": "https://pkgs.dev.azure.com/Domstolene/f5a53322-95c1-4c91-98ef-28c7ad46d8e0/_packaging/test-npm-maven-artifacts/npm/registry/@esbuild/win32-ia32/-/win32-ia32-0.20.2.tgz",
      "integrity": "sha1-JB/mLDTY6EYc1wgneBPh0LpVziM=",
      "cpu": [
        "ia32"
      ],
      "dev": true,
      "optional": true,
      "os": [
        "win32"
      ],
      "engines": {
        "node": ">=12"
      }
    },
    "node_modules/@esbuild/win32-x64": {
      "version": "0.20.2",
      "resolved": "https://pkgs.dev.azure.com/Domstolene/f5a53322-95c1-4c91-98ef-28c7ad46d8e0/_packaging/test-npm-maven-artifacts/npm/registry/@esbuild/win32-x64/-/win32-x64-0.20.2.tgz",
      "integrity": "sha1-nJB7IeMKUtuVm6T4C7AaDMQD1cw=",
      "cpu": [
        "x64"
      ],
      "dev": true,
      "optional": true,
      "os": [
        "win32"
      ],
      "engines": {
        "node": ">=12"
      }
    },
    "node_modules/@jridgewell/sourcemap-codec": {
      "version": "1.4.15",
      "resolved": "https://pkgs.dev.azure.com/Domstolene/f5a53322-95c1-4c91-98ef-28c7ad46d8e0/_packaging/test-npm-maven-artifacts/npm/registry/@jridgewell/sourcemap-codec/-/sourcemap-codec-1.4.15.tgz",
      "integrity": "sha1-18bmdVx4VnqVHgSrUu8P0m3lnzI="
    },
    "node_modules/@rollup/rollup-android-arm-eabi": {
      "version": "4.14.1",
      "resolved": "https://pkgs.dev.azure.com/Domstolene/f5a53322-95c1-4c91-98ef-28c7ad46d8e0/_packaging/test-npm-maven-artifacts/npm/registry/@rollup/rollup-android-arm-eabi/-/rollup-android-arm-eabi-4.14.1.tgz",
      "integrity": "sha1-ygUB3YNolCFsuVcoSMXd5L/KO+w=",
      "cpu": [
        "arm"
      ],
      "dev": true,
      "optional": true,
      "os": [
        "android"
      ]
    },
    "node_modules/@rollup/rollup-android-arm64": {
      "version": "4.14.1",
      "resolved": "https://pkgs.dev.azure.com/Domstolene/f5a53322-95c1-4c91-98ef-28c7ad46d8e0/_packaging/test-npm-maven-artifacts/npm/registry/@rollup/rollup-android-arm64/-/rollup-android-arm64-4.14.1.tgz",
      "integrity": "sha1-FUyn5PgV0uRC/8Yu5/ZK7oslR7A=",
      "cpu": [
        "arm64"
      ],
      "dev": true,
      "optional": true,
      "os": [
        "android"
      ]
    },
    "node_modules/@rollup/rollup-darwin-arm64": {
      "version": "4.14.1",
      "resolved": "https://pkgs.dev.azure.com/Domstolene/f5a53322-95c1-4c91-98ef-28c7ad46d8e0/_packaging/test-npm-maven-artifacts/npm/registry/@rollup/rollup-darwin-arm64/-/rollup-darwin-arm64-4.14.1.tgz",
      "integrity": "sha1-ArUiq2zMLFBGNGUZhf+OZXtCwFU=",
      "cpu": [
        "arm64"
      ],
      "dev": true,
      "optional": true,
      "os": [
        "darwin"
      ]
    },
    "node_modules/@rollup/rollup-darwin-x64": {
      "version": "4.14.1",
      "resolved": "https://pkgs.dev.azure.com/Domstolene/f5a53322-95c1-4c91-98ef-28c7ad46d8e0/_packaging/test-npm-maven-artifacts/npm/registry/@rollup/rollup-darwin-x64/-/rollup-darwin-x64-4.14.1.tgz",
      "integrity": "sha1-IXc3+fc95yn9/X1Smv67bIKD9VQ=",
      "cpu": [
        "x64"
      ],
      "dev": true,
      "optional": true,
      "os": [
        "darwin"
      ]
    },
    "node_modules/@rollup/rollup-linux-arm-gnueabihf": {
      "version": "4.14.1",
      "resolved": "https://pkgs.dev.azure.com/Domstolene/f5a53322-95c1-4c91-98ef-28c7ad46d8e0/_packaging/test-npm-maven-artifacts/npm/registry/@rollup/rollup-linux-arm-gnueabihf/-/rollup-linux-arm-gnueabihf-4.14.1.tgz",
      "integrity": "sha1-qH5HirP2l8f050yLHKweBmf49L4=",
      "cpu": [
        "arm"
      ],
      "dev": true,
      "optional": true,
      "os": [
        "linux"
      ]
    },
    "node_modules/@rollup/rollup-linux-arm64-gnu": {
      "version": "4.14.1",
      "resolved": "https://pkgs.dev.azure.com/Domstolene/f5a53322-95c1-4c91-98ef-28c7ad46d8e0/_packaging/test-npm-maven-artifacts/npm/registry/@rollup/rollup-linux-arm64-gnu/-/rollup-linux-arm64-gnu-4.14.1.tgz",
      "integrity": "sha1-TaaDDson5fTKFfkZflZglSyhhcY=",
      "cpu": [
        "arm64"
      ],
      "dev": true,
      "optional": true,
      "os": [
        "linux"
      ]
    },
    "node_modules/@rollup/rollup-linux-arm64-musl": {
      "version": "4.14.1",
      "resolved": "https://pkgs.dev.azure.com/Domstolene/f5a53322-95c1-4c91-98ef-28c7ad46d8e0/_packaging/test-npm-maven-artifacts/npm/registry/@rollup/rollup-linux-arm64-musl/-/rollup-linux-arm64-musl-4.14.1.tgz",
      "integrity": "sha1-Cw7TVyCuvI9eUB03Cp6g9obq0eA=",
      "cpu": [
        "arm64"
      ],
      "dev": true,
      "optional": true,
      "os": [
        "linux"
      ]
    },
    "node_modules/@rollup/rollup-linux-powerpc64le-gnu": {
      "version": "4.14.1",
      "resolved": "https://pkgs.dev.azure.com/Domstolene/f5a53322-95c1-4c91-98ef-28c7ad46d8e0/_packaging/test-npm-maven-artifacts/npm/registry/@rollup/rollup-linux-powerpc64le-gnu/-/rollup-linux-powerpc64le-gnu-4.14.1.tgz",
      "integrity": "sha1-AkrQTRYnJvJeYpFYUfffaalnfBc=",
      "cpu": [
        "ppc64le"
      ],
      "dev": true,
      "optional": true,
      "os": [
        "linux"
      ]
    },
    "node_modules/@rollup/rollup-linux-riscv64-gnu": {
      "version": "4.14.1",
      "resolved": "https://pkgs.dev.azure.com/Domstolene/f5a53322-95c1-4c91-98ef-28c7ad46d8e0/_packaging/test-npm-maven-artifacts/npm/registry/@rollup/rollup-linux-riscv64-gnu/-/rollup-linux-riscv64-gnu-4.14.1.tgz",
      "integrity": "sha1-GAaU0c0GndviICK7Wxvq07feWBw=",
      "cpu": [
        "riscv64"
      ],
      "dev": true,
      "optional": true,
      "os": [
        "linux"
      ]
    },
    "node_modules/@rollup/rollup-linux-s390x-gnu": {
      "version": "4.14.1",
      "resolved": "https://pkgs.dev.azure.com/Domstolene/f5a53322-95c1-4c91-98ef-28c7ad46d8e0/_packaging/test-npm-maven-artifacts/npm/registry/@rollup/rollup-linux-s390x-gnu/-/rollup-linux-s390x-gnu-4.14.1.tgz",
      "integrity": "sha1-97TisMpJvk40+e8LVIySbZTt7oc=",
      "cpu": [
        "s390x"
      ],
      "dev": true,
      "optional": true,
      "os": [
        "linux"
      ]
    },
    "node_modules/@rollup/rollup-linux-x64-gnu": {
      "version": "4.14.1",
      "resolved": "https://pkgs.dev.azure.com/Domstolene/f5a53322-95c1-4c91-98ef-28c7ad46d8e0/_packaging/test-npm-maven-artifacts/npm/registry/@rollup/rollup-linux-x64-gnu/-/rollup-linux-x64-gnu-4.14.1.tgz",
      "integrity": "sha1-Cq955bnM99swhP5sPy0oc6J9WvQ=",
      "cpu": [
        "x64"
      ],
      "dev": true,
      "optional": true,
      "os": [
        "linux"
      ]
    },
    "node_modules/@rollup/rollup-linux-x64-musl": {
      "version": "4.14.1",
      "resolved": "https://pkgs.dev.azure.com/Domstolene/f5a53322-95c1-4c91-98ef-28c7ad46d8e0/_packaging/test-npm-maven-artifacts/npm/registry/@rollup/rollup-linux-x64-musl/-/rollup-linux-x64-musl-4.14.1.tgz",
      "integrity": "sha1-OPCjfKUBXrB9/4ahtvlCecF59O0=",
      "cpu": [
        "x64"
      ],
      "dev": true,
      "optional": true,
      "os": [
        "linux"
      ]
    },
    "node_modules/@rollup/rollup-win32-arm64-msvc": {
      "version": "4.14.1",
      "resolved": "https://pkgs.dev.azure.com/Domstolene/f5a53322-95c1-4c91-98ef-28c7ad46d8e0/_packaging/test-npm-maven-artifacts/npm/registry/@rollup/rollup-win32-arm64-msvc/-/rollup-win32-arm64-msvc-4.14.1.tgz",
      "integrity": "sha1-hNSMVXQO3kLHc3P3boXzaGM6DMM=",
      "cpu": [
        "arm64"
      ],
      "dev": true,
      "optional": true,
      "os": [
        "win32"
      ]
    },
    "node_modules/@rollup/rollup-win32-ia32-msvc": {
      "version": "4.14.1",
      "resolved": "https://pkgs.dev.azure.com/Domstolene/f5a53322-95c1-4c91-98ef-28c7ad46d8e0/_packaging/test-npm-maven-artifacts/npm/registry/@rollup/rollup-win32-ia32-msvc/-/rollup-win32-ia32-msvc-4.14.1.tgz",
      "integrity": "sha1-weC8OeIOdg8KUm3fFK4FQ695ZgU=",
      "cpu": [
        "ia32"
      ],
      "dev": true,
      "optional": true,
      "os": [
        "win32"
      ]
    },
    "node_modules/@rollup/rollup-win32-x64-msvc": {
      "version": "4.14.1",
      "resolved": "https://pkgs.dev.azure.com/Domstolene/f5a53322-95c1-4c91-98ef-28c7ad46d8e0/_packaging/test-npm-maven-artifacts/npm/registry/@rollup/rollup-win32-x64-msvc/-/rollup-win32-x64-msvc-4.14.1.tgz",
      "integrity": "sha1-KZ7udLfYfhFgg6xbHOjdlDRmgpQ=",
      "cpu": [
        "x64"
      ],
      "dev": true,
      "optional": true,
      "os": [
        "win32"
      ]
    },
    "node_modules/@tsconfig/node20": {
      "version": "20.1.4",
      "resolved": "https://pkgs.dev.azure.com/Domstolene/f5a53322-95c1-4c91-98ef-28c7ad46d8e0/_packaging/test-npm-maven-artifacts/npm/registry/@tsconfig/node20/-/node20-20.1.4.tgz",
      "integrity": "sha1-NFfULt3xLTveOXYYarDNIrhd+Sg=",
      "dev": true
    },
    "node_modules/@types/estree": {
      "version": "1.0.5",
      "resolved": "https://pkgs.dev.azure.com/Domstolene/f5a53322-95c1-4c91-98ef-28c7ad46d8e0/_packaging/test-npm-maven-artifacts/npm/registry/@types/estree/-/estree-1.0.5.tgz",
      "integrity": "sha1-ps4+VW4A/ZiV3Yct0XKtDUvWh/Q=",
      "dev": true
    },
    "node_modules/@types/node": {
      "version": "20.12.5",
      "resolved": "https://pkgs.dev.azure.com/Domstolene/f5a53322-95c1-4c91-98ef-28c7ad46d8e0/_packaging/test-npm-maven-artifacts/npm/registry/@types/node/-/node-20.12.5.tgz",
      "integrity": "sha1-dMTzGrF5VdC1gIzcj9KDlSatALM=",
      "dev": true,
      "dependencies": {
        "undici-types": "~5.26.4"
      }
    },
    "node_modules/@vitejs/plugin-vue": {
      "version": "5.0.4",
      "resolved": "https://pkgs.dev.azure.com/Domstolene/f5a53322-95c1-4c91-98ef-28c7ad46d8e0/_packaging/test-npm-maven-artifacts/npm/registry/@vitejs/plugin-vue/-/plugin-vue-5.0.4.tgz",
      "integrity": "sha1-UI1qDyRA+GlFg12QP8wNldG7ijc=",
      "dev": true,
      "engines": {
        "node": "^18.0.0 || >=20.0.0"
      },
      "peerDependencies": {
        "vite": "^5.0.0",
        "vue": "^3.2.25"
      }
    },
    "node_modules/@volar/language-core": {
      "version": "2.2.0-alpha.6",
      "resolved": "https://pkgs.dev.azure.com/Domstolene/f5a53322-95c1-4c91-98ef-28c7ad46d8e0/_packaging/test-npm-maven-artifacts/npm/registry/@volar/language-core/-/language-core-2.2.0-alpha.6.tgz",
      "integrity": "sha1-yegA1sziNbn1PVJ2yStPnzJvV/g=",
      "dev": true,
      "dependencies": {
        "@volar/source-map": "2.2.0-alpha.6"
      }
    },
    "node_modules/@volar/source-map": {
      "version": "2.2.0-alpha.6",
      "resolved": "https://pkgs.dev.azure.com/Domstolene/f5a53322-95c1-4c91-98ef-28c7ad46d8e0/_packaging/test-npm-maven-artifacts/npm/registry/@volar/source-map/-/source-map-2.2.0-alpha.6.tgz",
      "integrity": "sha1-qNXBPJAfHcaBKt8vPlLuFHDgaDg=",
      "dev": true,
      "dependencies": {
        "muggle-string": "^0.4.0"
      }
    },
    "node_modules/@volar/typescript": {
      "version": "2.2.0-alpha.6",
      "resolved": "https://pkgs.dev.azure.com/Domstolene/f5a53322-95c1-4c91-98ef-28c7ad46d8e0/_packaging/test-npm-maven-artifacts/npm/registry/@volar/typescript/-/typescript-2.2.0-alpha.6.tgz",
      "integrity": "sha1-94RYoGSz+7ISbrfVqmndSoQWDIE=",
      "dev": true,
      "dependencies": {
        "@volar/language-core": "2.2.0-alpha.6",
        "path-browserify": "^1.0.1"
      }
    },
    "node_modules/@vue/compiler-core": {
      "version": "3.4.21",
      "resolved": "https://pkgs.dev.azure.com/Domstolene/f5a53322-95c1-4c91-98ef-28c7ad46d8e0/_packaging/test-npm-maven-artifacts/npm/registry/@vue/compiler-core/-/compiler-core-3.4.21.tgz",
      "integrity": "sha1-hotwhTePwk5Yya7RTI1iEQpivho=",
      "dependencies": {
        "@babel/parser": "^7.23.9",
        "@vue/shared": "3.4.21",
        "entities": "^4.5.0",
        "estree-walker": "^2.0.2",
        "source-map-js": "^1.0.2"
      }
    },
    "node_modules/@vue/compiler-dom": {
      "version": "3.4.21",
      "resolved": "https://pkgs.dev.azure.com/Domstolene/f5a53322-95c1-4c91-98ef-28c7ad46d8e0/_packaging/test-npm-maven-artifacts/npm/registry/@vue/compiler-dom/-/compiler-dom-3.4.21.tgz",
      "integrity": "sha1-AHfDVeIAggcoOlqH1RAzDSJUaAM=",
      "dependencies": {
        "@vue/compiler-core": "3.4.21",
        "@vue/shared": "3.4.21"
      }
    },
    "node_modules/@vue/compiler-sfc": {
      "version": "3.4.21",
      "resolved": "https://pkgs.dev.azure.com/Domstolene/f5a53322-95c1-4c91-98ef-28c7ad46d8e0/_packaging/test-npm-maven-artifacts/npm/registry/@vue/compiler-sfc/-/compiler-sfc-3.4.21.tgz",
      "integrity": "sha1-Svkg3DGrmeH/XRUrX+CtEhgRRbI=",
      "dependencies": {
        "@babel/parser": "^7.23.9",
        "@vue/compiler-core": "3.4.21",
        "@vue/compiler-dom": "3.4.21",
        "@vue/compiler-ssr": "3.4.21",
        "@vue/shared": "3.4.21",
        "estree-walker": "^2.0.2",
        "magic-string": "^0.30.7",
        "postcss": "^8.4.35",
        "source-map-js": "^1.0.2"
      }
    },
    "node_modules/@vue/compiler-ssr": {
      "version": "3.4.21",
      "resolved": "https://pkgs.dev.azure.com/Domstolene/f5a53322-95c1-4c91-98ef-28c7ad46d8e0/_packaging/test-npm-maven-artifacts/npm/registry/@vue/compiler-ssr/-/compiler-ssr-3.4.21.tgz",
      "integrity": "sha1-uErmT7nCZd8h/Gf3YkWHZz0yT+8=",
      "dependencies": {
        "@vue/compiler-dom": "3.4.21",
        "@vue/shared": "3.4.21"
      }
    },
    "node_modules/@vue/language-core": {
      "version": "2.0.11",
      "resolved": "https://pkgs.dev.azure.com/Domstolene/f5a53322-95c1-4c91-98ef-28c7ad46d8e0/_packaging/test-npm-maven-artifacts/npm/registry/@vue/language-core/-/language-core-2.0.11.tgz",
      "integrity": "sha1-NnOmkBX1bDq+jFPWA8B0gkQScgI=",
      "dev": true,
      "dependencies": {
        "@volar/language-core": "~2.2.0-alpha.6",
        "@vue/compiler-dom": "^3.4.0",
        "@vue/shared": "^3.4.0",
        "computeds": "^0.0.1",
        "minimatch": "^9.0.3",
        "path-browserify": "^1.0.1",
        "vue-template-compiler": "^2.7.14"
      },
      "peerDependencies": {
        "typescript": "*"
      },
      "peerDependenciesMeta": {
        "typescript": {
          "optional": true
        }
      }
    },
    "node_modules/@vue/reactivity": {
      "version": "3.4.21",
      "resolved": "https://pkgs.dev.azure.com/Domstolene/f5a53322-95c1-4c91-98ef-28c7ad46d8e0/_packaging/test-npm-maven-artifacts/npm/registry/@vue/reactivity/-/reactivity-3.4.21.tgz",
      "integrity": "sha1-r/00FRFbjr9JJ8jSoNaiS8z6nwI=",
      "dependencies": {
        "@vue/shared": "3.4.21"
      }
    },
    "node_modules/@vue/runtime-core": {
      "version": "3.4.21",
      "resolved": "https://pkgs.dev.azure.com/Domstolene/f5a53322-95c1-4c91-98ef-28c7ad46d8e0/_packaging/test-npm-maven-artifacts/npm/registry/@vue/runtime-core/-/runtime-core-3.4.21.tgz",
      "integrity": "sha1-N0nD8CSmTEwn7Nda6kyjVjTbAGI=",
      "dependencies": {
        "@vue/reactivity": "3.4.21",
        "@vue/shared": "3.4.21"
      }
    },
    "node_modules/@vue/runtime-dom": {
      "version": "3.4.21",
      "resolved": "https://pkgs.dev.azure.com/Domstolene/f5a53322-95c1-4c91-98ef-28c7ad46d8e0/_packaging/test-npm-maven-artifacts/npm/registry/@vue/runtime-dom/-/runtime-dom-3.4.21.tgz",
      "integrity": "sha1-kfhn72Tv8jLKxFCVqyjryTrHRYg=",
      "dependencies": {
        "@vue/runtime-core": "3.4.21",
        "@vue/shared": "3.4.21",
        "csstype": "^3.1.3"
      }
    },
    "node_modules/@vue/server-renderer": {
      "version": "3.4.21",
      "resolved": "https://pkgs.dev.azure.com/Domstolene/f5a53322-95c1-4c91-98ef-28c7ad46d8e0/_packaging/test-npm-maven-artifacts/npm/registry/@vue/server-renderer/-/server-renderer-3.4.21.tgz",
      "integrity": "sha1-FQdRV50mZh7j7SaihgRmf6QiKpc=",
      "dependencies": {
        "@vue/compiler-ssr": "3.4.21",
        "@vue/shared": "3.4.21"
      },
      "peerDependencies": {
        "vue": "3.4.21"
      }
    },
    "node_modules/@vue/shared": {
      "version": "3.4.21",
      "resolved": "https://pkgs.dev.azure.com/Domstolene/f5a53322-95c1-4c91-98ef-28c7ad46d8e0/_packaging/test-npm-maven-artifacts/npm/registry/@vue/shared/-/shared-3.4.21.tgz",
      "integrity": "sha1-3lJqkFnQpZnwtCmvcDfNDD7X1aE="
    },
    "node_modules/@vue/tsconfig": {
      "version": "0.5.1",
      "resolved": "https://pkgs.dev.azure.com/Domstolene/f5a53322-95c1-4c91-98ef-28c7ad46d8e0/_packaging/test-npm-maven-artifacts/npm/registry/@vue/tsconfig/-/tsconfig-0.5.1.tgz",
      "integrity": "sha1-MSTsFswMfgQWW4jcCR5rl3gv/6k=",
      "dev": true
    },
    "node_modules/ansi-styles": {
      "version": "6.2.1",
      "resolved": "https://pkgs.dev.azure.com/Domstolene/f5a53322-95c1-4c91-98ef-28c7ad46d8e0/_packaging/test-npm-maven-artifacts/npm/registry/ansi-styles/-/ansi-styles-6.2.1.tgz",
      "integrity": "sha1-DmIyDPmcIa//OzASGSVGqsv7BcU=",
      "dev": true,
      "engines": {
        "node": ">=12"
      },
      "funding": {
        "url": "https://github.com/chalk/ansi-styles?sponsor=1"
      }
    },
    "node_modules/balanced-match": {
      "version": "1.0.2",
      "resolved": "https://pkgs.dev.azure.com/Domstolene/f5a53322-95c1-4c91-98ef-28c7ad46d8e0/_packaging/test-npm-maven-artifacts/npm/registry/balanced-match/-/balanced-match-1.0.2.tgz",
      "integrity": "sha1-6D46fj8wCzTLnYf2FfoMvzV2kO4=",
      "dev": true
    },
    "node_modules/brace-expansion": {
      "version": "2.0.1",
      "resolved": "https://pkgs.dev.azure.com/Domstolene/f5a53322-95c1-4c91-98ef-28c7ad46d8e0/_packaging/test-npm-maven-artifacts/npm/registry/brace-expansion/-/brace-expansion-2.0.1.tgz",
      "integrity": "sha1-HtxFng8MVISG7Pn8mfIiE2S5oK4=",
      "dev": true,
      "dependencies": {
        "balanced-match": "^1.0.0"
      }
    },
    "node_modules/computeds": {
      "version": "0.0.1",
      "resolved": "https://pkgs.dev.azure.com/Domstolene/f5a53322-95c1-4c91-98ef-28c7ad46d8e0/_packaging/test-npm-maven-artifacts/npm/registry/computeds/-/computeds-0.0.1.tgz",
      "integrity": "sha1-IVsIpLo+CKEf9u7l1tjXFmqXzi4=",
      "dev": true
    },
    "node_modules/cross-spawn": {
      "version": "7.0.3",
      "resolved": "https://pkgs.dev.azure.com/Domstolene/f5a53322-95c1-4c91-98ef-28c7ad46d8e0/_packaging/test-npm-maven-artifacts/npm/registry/cross-spawn/-/cross-spawn-7.0.3.tgz",
      "integrity": "sha1-9zqFudXUHQRVUcF34ogtSshXKKY=",
      "dev": true,
      "dependencies": {
        "path-key": "^3.1.0",
        "shebang-command": "^2.0.0",
        "which": "^2.0.1"
      },
      "engines": {
        "node": ">= 8"
      }
    },
    "node_modules/csstype": {
      "version": "3.1.3",
      "resolved": "https://pkgs.dev.azure.com/Domstolene/f5a53322-95c1-4c91-98ef-28c7ad46d8e0/_packaging/test-npm-maven-artifacts/npm/registry/csstype/-/csstype-3.1.3.tgz",
      "integrity": "sha1-2A/ylNEU+w5qxQD7+FtgE31+/4E="
    },
    "node_modules/de-indent": {
      "version": "1.0.2",
      "resolved": "https://pkgs.dev.azure.com/Domstolene/f5a53322-95c1-4c91-98ef-28c7ad46d8e0/_packaging/test-npm-maven-artifacts/npm/registry/de-indent/-/de-indent-1.0.2.tgz",
      "integrity": "sha1-sgOOhG3DO6pXlhKNCAS0VbjB4h0=",
      "dev": true
    },
    "node_modules/entities": {
      "version": "4.5.0",
      "resolved": "https://pkgs.dev.azure.com/Domstolene/f5a53322-95c1-4c91-98ef-28c7ad46d8e0/_packaging/test-npm-maven-artifacts/npm/registry/entities/-/entities-4.5.0.tgz",
      "integrity": "sha1-XSaOpecRPsdMTQM7eepaNaSI+0g=",
      "engines": {
        "node": ">=0.12"
      },
      "funding": {
        "url": "https://github.com/fb55/entities?sponsor=1"
      }
    },
    "node_modules/esbuild": {
      "version": "0.20.2",
      "resolved": "https://pkgs.dev.azure.com/Domstolene/f5a53322-95c1-4c91-98ef-28c7ad46d8e0/_packaging/test-npm-maven-artifacts/npm/registry/esbuild/-/esbuild-0.20.2.tgz",
      "integrity": "sha1-nWsjhlYXZu5rWlUZbG12bSjIfqE=",
      "dev": true,
      "hasInstallScript": true,
      "bin": {
        "esbuild": "bin/esbuild"
      },
      "engines": {
        "node": ">=12"
      },
      "optionalDependencies": {
        "@esbuild/aix-ppc64": "0.20.2",
        "@esbuild/android-arm": "0.20.2",
        "@esbuild/android-arm64": "0.20.2",
        "@esbuild/android-x64": "0.20.2",
        "@esbuild/darwin-arm64": "0.20.2",
        "@esbuild/darwin-x64": "0.20.2",
        "@esbuild/freebsd-arm64": "0.20.2",
        "@esbuild/freebsd-x64": "0.20.2",
        "@esbuild/linux-arm": "0.20.2",
        "@esbuild/linux-arm64": "0.20.2",
        "@esbuild/linux-ia32": "0.20.2",
        "@esbuild/linux-loong64": "0.20.2",
        "@esbuild/linux-mips64el": "0.20.2",
        "@esbuild/linux-ppc64": "0.20.2",
        "@esbuild/linux-riscv64": "0.20.2",
        "@esbuild/linux-s390x": "0.20.2",
        "@esbuild/linux-x64": "0.20.2",
        "@esbuild/netbsd-x64": "0.20.2",
        "@esbuild/openbsd-x64": "0.20.2",
        "@esbuild/sunos-x64": "0.20.2",
        "@esbuild/win32-arm64": "0.20.2",
        "@esbuild/win32-ia32": "0.20.2",
        "@esbuild/win32-x64": "0.20.2"
      }
    },
    "node_modules/estree-walker": {
      "version": "2.0.2",
      "resolved": "https://pkgs.dev.azure.com/Domstolene/f5a53322-95c1-4c91-98ef-28c7ad46d8e0/_packaging/test-npm-maven-artifacts/npm/registry/estree-walker/-/estree-walker-2.0.2.tgz",
      "integrity": "sha1-UvAQF4wqTBF6d1fP6UKtt9LaTKw="
    },
    "node_modules/fsevents": {
      "version": "2.3.3",
      "resolved": "https://pkgs.dev.azure.com/Domstolene/f5a53322-95c1-4c91-98ef-28c7ad46d8e0/_packaging/test-npm-maven-artifacts/npm/registry/fsevents/-/fsevents-2.3.3.tgz",
      "integrity": "sha1-ysZAd4XQNnWipeGlMFxpezR9kNY=",
      "dev": true,
      "optional": true,
      "os": [
        "darwin"
      ],
      "engines": {
        "node": "^8.16.0 || ^10.6.0 || >=11.0.0"
      }
    },
    "node_modules/he": {
      "version": "1.2.0",
      "resolved": "https://pkgs.dev.azure.com/Domstolene/f5a53322-95c1-4c91-98ef-28c7ad46d8e0/_packaging/test-npm-maven-artifacts/npm/registry/he/-/he-1.2.0.tgz",
      "integrity": "sha1-hK5l+n6vsWX922FWauFLrwVmTw8=",
      "dev": true,
      "bin": {
        "he": "bin/he"
      }
    },
    "node_modules/isexe": {
      "version": "2.0.0",
      "resolved": "https://pkgs.dev.azure.com/Domstolene/f5a53322-95c1-4c91-98ef-28c7ad46d8e0/_packaging/test-npm-maven-artifacts/npm/registry/isexe/-/isexe-2.0.0.tgz",
      "integrity": "sha1-6PvzdNxVb/iUehDcsFctYz8s+hA=",
      "dev": true
    },
    "node_modules/json-parse-even-better-errors": {
      "version": "3.0.1",
      "resolved": "https://pkgs.dev.azure.com/Domstolene/f5a53322-95c1-4c91-98ef-28c7ad46d8e0/_packaging/test-npm-maven-artifacts/npm/registry/json-parse-even-better-errors/-/json-parse-even-better-errors-3.0.1.tgz",
      "integrity": "sha1-Arsp+12pC1REWBdJwizt01l8bLA=",
      "dev": true,
      "engines": {
        "node": "^14.17.0 || ^16.13.0 || >=18.0.0"
      }
    },
    "node_modules/lru-cache": {
      "version": "6.0.0",
      "resolved": "https://pkgs.dev.azure.com/Domstolene/f5a53322-95c1-4c91-98ef-28c7ad46d8e0/_packaging/test-npm-maven-artifacts/npm/registry/lru-cache/-/lru-cache-6.0.0.tgz",
      "integrity": "sha1-bW/mVw69lqr5D8rR2vo7JWbbOpQ=",
      "dev": true,
      "dependencies": {
        "yallist": "^4.0.0"
      },
      "engines": {
        "node": ">=10"
      }
    },
    "node_modules/magic-string": {
      "version": "0.30.9",
      "resolved": "https://pkgs.dev.azure.com/Domstolene/f5a53322-95c1-4c91-98ef-28c7ad46d8e0/_packaging/test-npm-maven-artifacts/npm/registry/magic-string/-/magic-string-0.30.9.tgz",
      "integrity": "sha1-iSeuIb/dhWMQ4HobyN1ec8tsJR0=",
      "dependencies": {
        "@jridgewell/sourcemap-codec": "^1.4.15"
      },
      "engines": {
        "node": ">=12"
      }
    },
    "node_modules/memorystream": {
      "version": "0.3.1",
      "resolved": "https://pkgs.dev.azure.com/Domstolene/f5a53322-95c1-4c91-98ef-28c7ad46d8e0/_packaging/test-npm-maven-artifacts/npm/registry/memorystream/-/memorystream-0.3.1.tgz",
      "integrity": "sha1-htcJCzDORV1j+64S3aUaR93K+bI=",
      "dev": true,
      "engines": {
        "node": ">= 0.10.0"
      }
    },
    "node_modules/minimatch": {
      "version": "9.0.4",
      "resolved": "https://pkgs.dev.azure.com/Domstolene/f5a53322-95c1-4c91-98ef-28c7ad46d8e0/_packaging/test-npm-maven-artifacts/npm/registry/minimatch/-/minimatch-9.0.4.tgz",
      "integrity": "sha1-jknHMdF0nL7AUFDuUUUUezJJalE=",
      "dev": true,
      "dependencies": {
        "brace-expansion": "^2.0.1"
      },
      "engines": {
        "node": ">=16 || 14 >=14.17"
      },
      "funding": {
        "url": "https://github.com/sponsors/isaacs"
      }
    },
    "node_modules/muggle-string": {
      "version": "0.4.1",
      "resolved": "https://pkgs.dev.azure.com/Domstolene/f5a53322-95c1-4c91-98ef-28c7ad46d8e0/_packaging/test-npm-maven-artifacts/npm/registry/muggle-string/-/muggle-string-0.4.1.tgz",
      "integrity": "sha1-OzZr1Dsy+AncIGWVNN0w58ig0yg=",
      "dev": true
    },
    "node_modules/nanoid": {
      "version": "3.3.7",
      "resolved": "https://pkgs.dev.azure.com/Domstolene/f5a53322-95c1-4c91-98ef-28c7ad46d8e0/_packaging/test-npm-maven-artifacts/npm/registry/nanoid/-/nanoid-3.3.7.tgz",
      "integrity": "sha1-0MMBppG8jVTvoKIibM8/4v1la9g=",
      "funding": [
        {
          "type": "github",
          "url": "https://github.com/sponsors/ai"
        }
      ],
      "bin": {
        "nanoid": "bin/nanoid.cjs"
      },
      "engines": {
        "node": "^10 || ^12 || ^13.7 || ^14 || >=15.0.1"
      }
    },
    "node_modules/npm-normalize-package-bin": {
      "version": "3.0.1",
      "resolved": "https://pkgs.dev.azure.com/Domstolene/f5a53322-95c1-4c91-98ef-28c7ad46d8e0/_packaging/test-npm-maven-artifacts/npm/registry/npm-normalize-package-bin/-/npm-normalize-package-bin-3.0.1.tgz",
      "integrity": "sha1-JUR+Mqmn3h9RNixhpVkjO4mUeDI=",
      "dev": true,
      "engines": {
        "node": "^14.17.0 || ^16.13.0 || >=18.0.0"
      }
    },
    "node_modules/npm-run-all2": {
      "version": "6.1.2",
      "resolved": "https://pkgs.dev.azure.com/Domstolene/f5a53322-95c1-4c91-98ef-28c7ad46d8e0/_packaging/test-npm-maven-artifacts/npm/registry/npm-run-all2/-/npm-run-all2-6.1.2.tgz",
      "integrity": "sha1-Y3srgE8y3Yzunl7ffUep/Eyov50=",
      "dev": true,
      "dependencies": {
        "ansi-styles": "^6.2.1",
        "cross-spawn": "^7.0.3",
        "memorystream": "^0.3.1",
        "minimatch": "^9.0.0",
        "pidtree": "^0.6.0",
        "read-package-json-fast": "^3.0.2",
        "shell-quote": "^1.7.3"
      },
      "bin": {
        "npm-run-all": "bin/npm-run-all/index.js",
        "npm-run-all2": "bin/npm-run-all/index.js",
        "run-p": "bin/run-p/index.js",
        "run-s": "bin/run-s/index.js"
      },
      "engines": {
        "node": "^14.18.0 || >=16.0.0",
        "npm": ">= 8"
      }
    },
    "node_modules/path-browserify": {
      "version": "1.0.1",
      "resolved": "https://pkgs.dev.azure.com/Domstolene/f5a53322-95c1-4c91-98ef-28c7ad46d8e0/_packaging/test-npm-maven-artifacts/npm/registry/path-browserify/-/path-browserify-1.0.1.tgz",
      "integrity": "sha1-2YRUqcN1PVeQhg8W9ohnueRr4f0=",
      "dev": true
    },
    "node_modules/path-key": {
      "version": "3.1.1",
      "resolved": "https://pkgs.dev.azure.com/Domstolene/f5a53322-95c1-4c91-98ef-28c7ad46d8e0/_packaging/test-npm-maven-artifacts/npm/registry/path-key/-/path-key-3.1.1.tgz",
      "integrity": "sha1-WB9q3mWMu6ZaDTOA3ndTKVBU83U=",
      "dev": true,
      "engines": {
        "node": ">=8"
      }
    },
    "node_modules/picocolors": {
      "version": "1.0.0",
      "resolved": "https://pkgs.dev.azure.com/Domstolene/f5a53322-95c1-4c91-98ef-28c7ad46d8e0/_packaging/test-npm-maven-artifacts/npm/registry/picocolors/-/picocolors-1.0.0.tgz",
      "integrity": "sha1-y1vcdP8/UYkiNur3nWi8RFZKuBw="
    },
    "node_modules/pidtree": {
      "version": "0.6.0",
      "resolved": "https://pkgs.dev.azure.com/Domstolene/f5a53322-95c1-4c91-98ef-28c7ad46d8e0/_packaging/test-npm-maven-artifacts/npm/registry/pidtree/-/pidtree-0.6.0.tgz",
      "integrity": "sha1-kK17bULVhB5p4KJBnvOPiIOqBXw=",
      "dev": true,
      "bin": {
        "pidtree": "bin/pidtree.js"
      },
      "engines": {
        "node": ">=0.10"
      }
    },
    "node_modules/postcss": {
      "version": "8.4.38",
      "resolved": "https://pkgs.dev.azure.com/Domstolene/f5a53322-95c1-4c91-98ef-28c7ad46d8e0/_packaging/test-npm-maven-artifacts/npm/registry/postcss/-/postcss-8.4.38.tgz",
      "integrity": "sha1-s4fVM7ryBUKI4zcGbYHGvunbng4=",
      "funding": [
        {
          "type": "opencollective",
          "url": "https://opencollective.com/postcss/"
        },
        {
          "type": "tidelift",
          "url": "https://tidelift.com/funding/github/npm/postcss"
        },
        {
          "type": "github",
          "url": "https://github.com/sponsors/ai"
        }
      ],
      "dependencies": {
        "nanoid": "^3.3.7",
        "picocolors": "^1.0.0",
        "source-map-js": "^1.2.0"
      },
      "engines": {
        "node": "^10 || ^12 || >=14"
      }
    },
    "node_modules/read-package-json-fast": {
      "version": "3.0.2",
      "resolved": "https://pkgs.dev.azure.com/Domstolene/f5a53322-95c1-4c91-98ef-28c7ad46d8e0/_packaging/test-npm-maven-artifacts/npm/registry/read-package-json-fast/-/read-package-json-fast-3.0.2.tgz",
      "integrity": "sha1-OUkIqXJdx6XxTnDI51Vt/x0rEEk=",
      "dev": true,
      "dependencies": {
        "json-parse-even-better-errors": "^3.0.0",
        "npm-normalize-package-bin": "^3.0.0"
      },
      "engines": {
        "node": "^14.17.0 || ^16.13.0 || >=18.0.0"
      }
    },
    "node_modules/rollup": {
      "version": "4.14.1",
      "resolved": "https://pkgs.dev.azure.com/Domstolene/f5a53322-95c1-4c91-98ef-28c7ad46d8e0/_packaging/test-npm-maven-artifacts/npm/registry/rollup/-/rollup-4.14.1.tgz",
      "integrity": "sha1-Io1RWcP02HRb0kgZ1zS8bGyofAk=",
      "dev": true,
      "dependencies": {
        "@types/estree": "1.0.5"
      },
      "bin": {
        "rollup": "dist/bin/rollup"
      },
      "engines": {
        "node": ">=18.0.0",
        "npm": ">=8.0.0"
      },
      "optionalDependencies": {
        "@rollup/rollup-android-arm-eabi": "4.14.1",
        "@rollup/rollup-android-arm64": "4.14.1",
        "@rollup/rollup-darwin-arm64": "4.14.1",
        "@rollup/rollup-darwin-x64": "4.14.1",
        "@rollup/rollup-linux-arm-gnueabihf": "4.14.1",
        "@rollup/rollup-linux-arm64-gnu": "4.14.1",
        "@rollup/rollup-linux-arm64-musl": "4.14.1",
        "@rollup/rollup-linux-powerpc64le-gnu": "4.14.1",
        "@rollup/rollup-linux-riscv64-gnu": "4.14.1",
        "@rollup/rollup-linux-s390x-gnu": "4.14.1",
        "@rollup/rollup-linux-x64-gnu": "4.14.1",
        "@rollup/rollup-linux-x64-musl": "4.14.1",
        "@rollup/rollup-win32-arm64-msvc": "4.14.1",
        "@rollup/rollup-win32-ia32-msvc": "4.14.1",
        "@rollup/rollup-win32-x64-msvc": "4.14.1",
        "fsevents": "~2.3.2"
      }
    },
    "node_modules/semver": {
      "version": "7.6.0",
      "resolved": "https://pkgs.dev.azure.com/Domstolene/f5a53322-95c1-4c91-98ef-28c7ad46d8e0/_packaging/test-npm-maven-artifacts/npm/registry/semver/-/semver-7.6.0.tgz",
      "integrity": "sha1-Gkak20v/zM2Xt0O1AFyDJfI9Ti0=",
      "dev": true,
      "dependencies": {
        "lru-cache": "^6.0.0"
      },
      "bin": {
        "semver": "bin/semver.js"
      },
      "engines": {
        "node": ">=10"
      }
    },
    "node_modules/shebang-command": {
      "version": "2.0.0",
      "resolved": "https://pkgs.dev.azure.com/Domstolene/f5a53322-95c1-4c91-98ef-28c7ad46d8e0/_packaging/test-npm-maven-artifacts/npm/registry/shebang-command/-/shebang-command-2.0.0.tgz",
      "integrity": "sha1-zNCvT4g1+9wmW4JGGq8MNmY/NOo=",
      "dev": true,
      "dependencies": {
        "shebang-regex": "^3.0.0"
      },
      "engines": {
        "node": ">=8"
      }
    },
    "node_modules/shebang-regex": {
      "version": "3.0.0",
      "resolved": "https://pkgs.dev.azure.com/Domstolene/f5a53322-95c1-4c91-98ef-28c7ad46d8e0/_packaging/test-npm-maven-artifacts/npm/registry/shebang-regex/-/shebang-regex-3.0.0.tgz",
      "integrity": "sha1-rhbxZE2HPsrYQ7AwexQzYtTEIXI=",
      "dev": true,
      "engines": {
        "node": ">=8"
      }
    },
    "node_modules/shell-quote": {
      "version": "1.8.1",
      "resolved": "https://pkgs.dev.azure.com/Domstolene/f5a53322-95c1-4c91-98ef-28c7ad46d8e0/_packaging/test-npm-maven-artifacts/npm/registry/shell-quote/-/shell-quote-1.8.1.tgz",
      "integrity": "sha1-bb9Nt1UVrVusY7TxiUw6FUx2ZoA=",
      "dev": true,
      "funding": {
        "url": "https://github.com/sponsors/ljharb"
      }
    },
    "node_modules/source-map-js": {
      "version": "1.2.0",
      "resolved": "https://pkgs.dev.azure.com/Domstolene/f5a53322-95c1-4c91-98ef-28c7ad46d8e0/_packaging/test-npm-maven-artifacts/npm/registry/source-map-js/-/source-map-js-1.2.0.tgz",
      "integrity": "sha1-FrgJwWJRe1uMPn3NMVoqXCYSsq8=",
      "engines": {
        "node": ">=0.10.0"
      }
    },
    "node_modules/typescript": {
      "version": "5.4.4",
      "resolved": "https://pkgs.dev.azure.com/Domstolene/f5a53322-95c1-4c91-98ef-28c7ad46d8e0/_packaging/test-npm-maven-artifacts/npm/registry/typescript/-/typescript-5.4.4.tgz",
      "integrity": "sha1-6yRx57Cl8Td1I3AKIWadzjDC2VI=",
      "devOptional": true,
      "bin": {
        "tsc": "bin/tsc",
        "tsserver": "bin/tsserver"
      },
      "engines": {
        "node": ">=14.17"
      }
    },
    "node_modules/undici-types": {
      "version": "5.26.5",
      "resolved": "https://pkgs.dev.azure.com/Domstolene/f5a53322-95c1-4c91-98ef-28c7ad46d8e0/_packaging/test-npm-maven-artifacts/npm/registry/undici-types/-/undici-types-5.26.5.tgz",
      "integrity": "sha1-vNU5iT0AtW6WT9JlekhmsiGmVhc=",
      "dev": true
    },
    "node_modules/vite": {
      "version": "5.2.8",
      "resolved": "https://pkgs.dev.azure.com/Domstolene/f5a53322-95c1-4c91-98ef-28c7ad46d8e0/_packaging/test-npm-maven-artifacts/npm/registry/vite/-/vite-5.2.8.tgz",
      "integrity": "sha1-qZ4Jk58aUCmSOBOVzpPvpAooRKo=",
      "dev": true,
      "dependencies": {
        "esbuild": "^0.20.1",
        "postcss": "^8.4.38",
        "rollup": "^4.13.0"
      },
      "bin": {
        "vite": "bin/vite.js"
      },
      "engines": {
        "node": "^18.0.0 || >=20.0.0"
      },
      "funding": {
        "url": "https://github.com/vitejs/vite?sponsor=1"
      },
      "optionalDependencies": {
        "fsevents": "~2.3.3"
      },
      "peerDependencies": {
        "@types/node": "^18.0.0 || >=20.0.0",
        "less": "*",
        "lightningcss": "^1.21.0",
        "sass": "*",
        "stylus": "*",
        "sugarss": "*",
        "terser": "^5.4.0"
      },
      "peerDependenciesMeta": {
        "@types/node": {
          "optional": true
        },
        "less": {
          "optional": true
        },
        "lightningcss": {
          "optional": true
        },
        "sass": {
          "optional": true
        },
        "stylus": {
          "optional": true
        },
        "sugarss": {
          "optional": true
        },
        "terser": {
          "optional": true
        }
      }
    },
    "node_modules/vue": {
      "version": "3.4.21",
      "resolved": "https://pkgs.dev.azure.com/Domstolene/f5a53322-95c1-4c91-98ef-28c7ad46d8e0/_packaging/test-npm-maven-artifacts/npm/registry/vue/-/vue-3.4.21.tgz",
      "integrity": "sha1-aeww4mfTWO46DOFmErqJ4AqutzE=",
      "dependencies": {
        "@vue/compiler-dom": "3.4.21",
        "@vue/compiler-sfc": "3.4.21",
        "@vue/runtime-dom": "3.4.21",
        "@vue/server-renderer": "3.4.21",
        "@vue/shared": "3.4.21"
      },
      "peerDependencies": {
        "typescript": "*"
      },
      "peerDependenciesMeta": {
        "typescript": {
          "optional": true
        }
      }
    },
    "node_modules/vue-template-compiler": {
      "version": "2.7.16",
      "resolved": "https://pkgs.dev.azure.com/Domstolene/f5a53322-95c1-4c91-98ef-28c7ad46d8e0/_packaging/test-npm-maven-artifacts/npm/registry/vue-template-compiler/-/vue-template-compiler-2.7.16.tgz",
      "integrity": "sha1-yBstR3UyZMd6wDuZZqRmN0grsDs=",
      "dev": true,
      "dependencies": {
        "de-indent": "^1.0.2",
        "he": "^1.2.0"
      }
    },
    "node_modules/vue-tsc": {
      "version": "2.0.11",
      "resolved": "https://pkgs.dev.azure.com/Domstolene/f5a53322-95c1-4c91-98ef-28c7ad46d8e0/_packaging/test-npm-maven-artifacts/npm/registry/vue-tsc/-/vue-tsc-2.0.11.tgz",
      "integrity": "sha1-bWBiB6p/H1tCK470AFbxADHIefI=",
      "dev": true,
      "dependencies": {
        "@volar/typescript": "~2.2.0-alpha.6",
        "@vue/language-core": "2.0.11",
        "semver": "^7.5.4"
      },
      "bin": {
        "vue-tsc": "bin/vue-tsc.js"
      },
      "peerDependencies": {
        "typescript": "*"
      }
    },
    "node_modules/which": {
      "version": "2.0.2",
      "resolved": "https://pkgs.dev.azure.com/Domstolene/f5a53322-95c1-4c91-98ef-28c7ad46d8e0/_packaging/test-npm-maven-artifacts/npm/registry/which/-/which-2.0.2.tgz",
      "integrity": "sha1-fGqN0KY2oDJ+ELWckobu6T8/UbE=",
      "dev": true,
      "dependencies": {
        "isexe": "^2.0.0"
      },
      "bin": {
        "node-which": "bin/node-which"
      },
      "engines": {
        "node": ">= 8"
      }
    },
    "node_modules/yallist": {
      "version": "4.0.0",
      "resolved": "https://pkgs.dev.azure.com/Domstolene/f5a53322-95c1-4c91-98ef-28c7ad46d8e0/_packaging/test-npm-maven-artifacts/npm/registry/yallist/-/yallist-4.0.0.tgz",
      "integrity": "sha1-m7knkNnA7/7GO+c1GeEaNQGaOnI=",
      "dev": true
    }
  }
}
